
Microsoft Visual Studio Solution File, Format Version 12.00
# Visual Studio Version 16
VisualStudioVersion = 16.0.28803.202
MinimumVisualStudioVersion = 10.0.40219.1
Project("{FAE04EC0-301F-11D3-BF4B-00C04F79EFBC}") = "DynoCore", "DynoCore\DynoCore.csproj", "{528DB1DB-1A35-45B1-B2F2-4861FCBB6C77}"
EndProject
Project("{2150E333-8FDC-42A3-9474-1A3956D46DE8}") = "DynoStudio", "DynoStudio", "{565C6F54-9C84-4FE7-ABA5-66ABFFDA9257}"
EndProject
Project("{2150E333-8FDC-42A3-9474-1A3956D46DE8}") = "DynoAddin", "DynoAddin", "{C557957A-AC22-4A89-8446-5BBB4853AE35}"
EndProject
Project("{FAE04EC0-301F-11D3-BF4B-00C04F79EFBC}") = "AssemblySharedInfoGenerator", "AssemblySharedInfoGenerator\AssemblySharedInfoGenerator.csproj", "{D7363542-5C8D-4AF4-B89E-140C37E07294}"
EndProject
Project("{2150E333-8FDC-42A3-9474-1A3956D46DE8}") = "DynoPackageAddin", "DynoPackageAddin", "{9C923A9F-90A9-4556-855F-688CA08D51B4}"
EndProject
Project("{FAE04EC0-301F-11D3-BF4B-00C04F79EFBC}") = "Dyno", "DynoAddin\Dyno\Dyno.csproj", "{50FB92D6-58A0-4D13-B88A-1E0599275F95}"
	ProjectSection(ProjectDependencies) = postProject
		{F637B272-D9F6-4E52-9F3A-1402861407C6} = {F637B272-D9F6-4E52-9F3A-1402861407C6}
	EndProjectSection
EndProject
Project("{FAE04EC0-301F-11D3-BF4B-00C04F79EFBC}") = "DynoUI", "DynoAddin\DynoUI\DynoUI.csproj", "{9E9120D6-59CC-419D-9087-CC6E1982B068}"
EndProject
Project("{FAE04EC0-301F-11D3-BF4B-00C04F79EFBC}") = "DynoInstallCA", "DynoAddin\DynoInstallCA\DynoInstallCA.csproj", "{86D405E4-E81A-4A7E-91B9-9D171509FBEA}"
EndProject
Project("{930C7802-8A8C-48F9-8165-68863BCCD9DD}") = "DynoInstall", "DynoAddin\DynoInstall\DynoInstall.wixproj", "{8BF20E22-1AF9-4052-B7FB-C755A0F88DE0}"
EndProject
Project("{FAE04EC0-301F-11D3-BF4B-00C04F79EFBC}") = "DynoNodes", "DynoAddin\DynoNodes\DynoNodes.csproj", "{780028B3-D459-49F1-A30B-AE204686DE26}"
EndProject
Project("{FAE04EC0-301F-11D3-BF4B-00C04F79EFBC}") = "DynoNodesUI", "DynoAddin\DynoNodesUI\DynoNodesUI.csproj", "{B0AB9CC8-4CE6-4F7E-9EEB-6A45A568BE6D}"
EndProject
Project("{FAE04EC0-301F-11D3-BF4B-00C04F79EFBC}") = "DynoPackage", "DynoPackageAddin\DynoPackage\DynoPackage.csproj", "{797D36CE-FE78-4533-B876-B4715DF82DA0}"
	ProjectSection(ProjectDependencies) = postProject
		{F637B272-D9F6-4E52-9F3A-1402861407C6} = {F637B272-D9F6-4E52-9F3A-1402861407C6}
	EndProjectSection
EndProject
Project("{2150E333-8FDC-42A3-9474-1A3956D46DE8}") = "Core", "Core", "{37D5461E-D7B3-491C-8B74-5499AC713838}"
EndProject
Project("{FAE04EC0-301F-11D3-BF4B-00C04F79EFBC}") = "DynoRevitCore", "Core\DynoRevitCore\DynoRevitCore.csproj", "{F637B272-D9F6-4E52-9F3A-1402861407C6}"
EndProject
Project("{FAE04EC0-301F-11D3-BF4B-00C04F79EFBC}") = "DynoStudio", "DynoStudio\DynoStudio\DynoStudio.csproj", "{12FC2B9B-4BDE-423B-A28D-972783F2D1D2}"
EndProject
Project("{930C7802-8A8C-48F9-8165-68863BCCD9DD}") = "DynoStudioInstall", "DynoStudio\DynoStudioInstall\DynoStudioInstall.wixproj", "{56014B5F-F487-404A-B975-653B9425B84E}"
EndProject
Global
	GlobalSection(SolutionConfigurationPlatforms) = preSolution
		Debug|Any CPU = Debug|Any CPU
		Debug|Mixed Platforms = Debug|Mixed Platforms
		Debug|x86 = Debug|x86
		Debug2019|Any CPU = Debug2019|Any CPU
		Debug2019|Mixed Platforms = Debug2019|Mixed Platforms
		Debug2019|x86 = Debug2019|x86
		Debug2020|Any CPU = Debug2020|Any CPU
		Debug2020|Mixed Platforms = Debug2020|Mixed Platforms
		Debug2020|x86 = Debug2020|x86
		Part1|Any CPU = Part1|Any CPU
		Part1|Mixed Platforms = Part1|Mixed Platforms
		Part1|x86 = Part1|x86
		Release|Any CPU = Release|Any CPU
		Release|Mixed Platforms = Release|Mixed Platforms
		Release|x86 = Release|x86
	EndGlobalSection
	GlobalSection(ProjectConfigurationPlatforms) = postSolution
		{528DB1DB-1A35-45B1-B2F2-4861FCBB6C77}.Debug|Any CPU.ActiveCfg = Debug|Any CPU
		{528DB1DB-1A35-45B1-B2F2-4861FCBB6C77}.Debug|Any CPU.Build.0 = Debug|Any CPU
		{528DB1DB-1A35-45B1-B2F2-4861FCBB6C77}.Debug|Mixed Platforms.ActiveCfg = Debug|Any CPU
		{528DB1DB-1A35-45B1-B2F2-4861FCBB6C77}.Debug|Mixed Platforms.Build.0 = Debug|Any CPU
		{528DB1DB-1A35-45B1-B2F2-4861FCBB6C77}.Debug|x86.ActiveCfg = Debug|Any CPU
		{528DB1DB-1A35-45B1-B2F2-4861FCBB6C77}.Debug2019|Any CPU.ActiveCfg = Debug|Any CPU
		{528DB1DB-1A35-45B1-B2F2-4861FCBB6C77}.Debug2019|Any CPU.Build.0 = Debug|Any CPU
		{528DB1DB-1A35-45B1-B2F2-4861FCBB6C77}.Debug2019|Mixed Platforms.ActiveCfg = Debug|Any CPU
		{528DB1DB-1A35-45B1-B2F2-4861FCBB6C77}.Debug2019|Mixed Platforms.Build.0 = Debug|Any CPU
		{528DB1DB-1A35-45B1-B2F2-4861FCBB6C77}.Debug2019|x86.ActiveCfg = Debug|Any CPU
		{528DB1DB-1A35-45B1-B2F2-4861FCBB6C77}.Debug2019|x86.Build.0 = Debug|Any CPU
		{528DB1DB-1A35-45B1-B2F2-4861FCBB6C77}.Debug2020|Any CPU.ActiveCfg = Debug 2020|Any CPU
		{528DB1DB-1A35-45B1-B2F2-4861FCBB6C77}.Debug2020|Any CPU.Build.0 = Debug 2020|Any CPU
		{528DB1DB-1A35-45B1-B2F2-4861FCBB6C77}.Debug2020|Mixed Platforms.ActiveCfg = Debug|Any CPU
		{528DB1DB-1A35-45B1-B2F2-4861FCBB6C77}.Debug2020|Mixed Platforms.Build.0 = Debug|Any CPU
		{528DB1DB-1A35-45B1-B2F2-4861FCBB6C77}.Debug2020|x86.ActiveCfg = Debug 2020|Any CPU
		{528DB1DB-1A35-45B1-B2F2-4861FCBB6C77}.Debug2020|x86.Build.0 = Debug 2020|Any CPU
		{528DB1DB-1A35-45B1-B2F2-4861FCBB6C77}.Part1|Any CPU.ActiveCfg = Release|Any CPU
		{528DB1DB-1A35-45B1-B2F2-4861FCBB6C77}.Part1|Any CPU.Build.0 = Release|Any CPU
		{528DB1DB-1A35-45B1-B2F2-4861FCBB6C77}.Part1|Mixed Platforms.ActiveCfg = Release|Any CPU
		{528DB1DB-1A35-45B1-B2F2-4861FCBB6C77}.Part1|Mixed Platforms.Build.0 = Release|Any CPU
		{528DB1DB-1A35-45B1-B2F2-4861FCBB6C77}.Part1|x86.ActiveCfg = Release|Any CPU
		{528DB1DB-1A35-45B1-B2F2-4861FCBB6C77}.Release|Any CPU.ActiveCfg = Release|Any CPU
		{528DB1DB-1A35-45B1-B2F2-4861FCBB6C77}.Release|Any CPU.Build.0 = Release|Any CPU
		{528DB1DB-1A35-45B1-B2F2-4861FCBB6C77}.Release|Mixed Platforms.ActiveCfg = Release|Any CPU
		{528DB1DB-1A35-45B1-B2F2-4861FCBB6C77}.Release|Mixed Platforms.Build.0 = Release|Any CPU
		{528DB1DB-1A35-45B1-B2F2-4861FCBB6C77}.Release|x86.ActiveCfg = Release|Any CPU
		{D7363542-5C8D-4AF4-B89E-140C37E07294}.Debug|Any CPU.ActiveCfg = Debug|Any CPU
		{D7363542-5C8D-4AF4-B89E-140C37E07294}.Debug|Any CPU.Build.0 = Debug|Any CPU
		{D7363542-5C8D-4AF4-B89E-140C37E07294}.Debug|Mixed Platforms.ActiveCfg = Debug|Any CPU
		{D7363542-5C8D-4AF4-B89E-140C37E07294}.Debug|Mixed Platforms.Build.0 = Debug|Any CPU
		{D7363542-5C8D-4AF4-B89E-140C37E07294}.Debug|x86.ActiveCfg = Debug|Any CPU
		{D7363542-5C8D-4AF4-B89E-140C37E07294}.Debug|x86.Build.0 = Debug|Any CPU
		{D7363542-5C8D-4AF4-B89E-140C37E07294}.Debug2019|Any CPU.ActiveCfg = Debug|Any CPU
		{D7363542-5C8D-4AF4-B89E-140C37E07294}.Debug2019|Any CPU.Build.0 = Debug|Any CPU
		{D7363542-5C8D-4AF4-B89E-140C37E07294}.Debug2019|Mixed Platforms.ActiveCfg = Debug|Any CPU
		{D7363542-5C8D-4AF4-B89E-140C37E07294}.Debug2019|Mixed Platforms.Build.0 = Debug|Any CPU
		{D7363542-5C8D-4AF4-B89E-140C37E07294}.Debug2019|x86.ActiveCfg = Debug|Any CPU
		{D7363542-5C8D-4AF4-B89E-140C37E07294}.Debug2019|x86.Build.0 = Debug|Any CPU
		{D7363542-5C8D-4AF4-B89E-140C37E07294}.Debug2020|Any CPU.ActiveCfg = Debug 2020|Any CPU
		{D7363542-5C8D-4AF4-B89E-140C37E07294}.Debug2020|Any CPU.Build.0 = Debug 2020|Any CPU
		{D7363542-5C8D-4AF4-B89E-140C37E07294}.Debug2020|Mixed Platforms.ActiveCfg = Debug 2020|Any CPU
		{D7363542-5C8D-4AF4-B89E-140C37E07294}.Debug2020|Mixed Platforms.Build.0 = Debug 2020|Any CPU
		{D7363542-5C8D-4AF4-B89E-140C37E07294}.Debug2020|x86.ActiveCfg = Debug 2020|Any CPU
		{D7363542-5C8D-4AF4-B89E-140C37E07294}.Debug2020|x86.Build.0 = Debug 2020|Any CPU
		{D7363542-5C8D-4AF4-B89E-140C37E07294}.Part1|Any CPU.ActiveCfg = Release|Any CPU
		{D7363542-5C8D-4AF4-B89E-140C37E07294}.Part1|Any CPU.Build.0 = Release|Any CPU
		{D7363542-5C8D-4AF4-B89E-140C37E07294}.Part1|Mixed Platforms.ActiveCfg = Release|Any CPU
		{D7363542-5C8D-4AF4-B89E-140C37E07294}.Part1|Mixed Platforms.Build.0 = Release|Any CPU
		{D7363542-5C8D-4AF4-B89E-140C37E07294}.Part1|x86.ActiveCfg = Release|Any CPU
		{D7363542-5C8D-4AF4-B89E-140C37E07294}.Part1|x86.Build.0 = Release|Any CPU
		{D7363542-5C8D-4AF4-B89E-140C37E07294}.Release|Any CPU.ActiveCfg = Release|Any CPU
		{D7363542-5C8D-4AF4-B89E-140C37E07294}.Release|Any CPU.Build.0 = Release|Any CPU
		{D7363542-5C8D-4AF4-B89E-140C37E07294}.Release|Mixed Platforms.ActiveCfg = Release|Any CPU
		{D7363542-5C8D-4AF4-B89E-140C37E07294}.Release|Mixed Platforms.Build.0 = Release|Any CPU
		{D7363542-5C8D-4AF4-B89E-140C37E07294}.Release|x86.ActiveCfg = Release|Any CPU
		{D7363542-5C8D-4AF4-B89E-140C37E07294}.Release|x86.Build.0 = Release|Any CPU
		{50FB92D6-58A0-4D13-B88A-1E0599275F95}.Debug|Any CPU.ActiveCfg = Debug|Any CPU
		{50FB92D6-58A0-4D13-B88A-1E0599275F95}.Debug|Any CPU.Build.0 = Debug|Any CPU
		{50FB92D6-58A0-4D13-B88A-1E0599275F95}.Debug|Mixed Platforms.ActiveCfg = Debug|Any CPU
		{50FB92D6-58A0-4D13-B88A-1E0599275F95}.Debug|Mixed Platforms.Build.0 = Debug|Any CPU
		{50FB92D6-58A0-4D13-B88A-1E0599275F95}.Debug|x86.ActiveCfg = Debug|Any CPU
		{50FB92D6-58A0-4D13-B88A-1E0599275F95}.Debug|x86.Build.0 = Debug|Any CPU
		{50FB92D6-58A0-4D13-B88A-1E0599275F95}.Debug2019|Any CPU.ActiveCfg = Debug2019|Any CPU
		{50FB92D6-58A0-4D13-B88A-1E0599275F95}.Debug2019|Any CPU.Build.0 = Debug2019|Any CPU
		{50FB92D6-58A0-4D13-B88A-1E0599275F95}.Debug2019|Mixed Platforms.ActiveCfg = Debug2019|Any CPU
		{50FB92D6-58A0-4D13-B88A-1E0599275F95}.Debug2019|Mixed Platforms.Build.0 = Debug2019|Any CPU
		{50FB92D6-58A0-4D13-B88A-1E0599275F95}.Debug2019|x86.ActiveCfg = Debug2019|Any CPU
		{50FB92D6-58A0-4D13-B88A-1E0599275F95}.Debug2019|x86.Build.0 = Debug2019|Any CPU
		{50FB92D6-58A0-4D13-B88A-1E0599275F95}.Debug2020|Any CPU.ActiveCfg = Debug2020|Any CPU
		{50FB92D6-58A0-4D13-B88A-1E0599275F95}.Debug2020|Any CPU.Build.0 = Debug2020|Any CPU
		{50FB92D6-58A0-4D13-B88A-1E0599275F95}.Debug2020|Mixed Platforms.ActiveCfg = Debug2020|Any CPU
		{50FB92D6-58A0-4D13-B88A-1E0599275F95}.Debug2020|Mixed Platforms.Build.0 = Debug2020|Any CPU
		{50FB92D6-58A0-4D13-B88A-1E0599275F95}.Debug2020|x86.ActiveCfg = Debug2020|Any CPU
		{50FB92D6-58A0-4D13-B88A-1E0599275F95}.Debug2020|x86.Build.0 = Debug2020|Any CPU
		{50FB92D6-58A0-4D13-B88A-1E0599275F95}.Part1|Any CPU.ActiveCfg = Debug 2019|Any CPU
		{50FB92D6-58A0-4D13-B88A-1E0599275F95}.Part1|Any CPU.Build.0 = Debug 2019|Any CPU
		{50FB92D6-58A0-4D13-B88A-1E0599275F95}.Part1|Mixed Platforms.ActiveCfg = Debug 2019|Any CPU
		{50FB92D6-58A0-4D13-B88A-1E0599275F95}.Part1|Mixed Platforms.Build.0 = Debug 2019|Any CPU
		{50FB92D6-58A0-4D13-B88A-1E0599275F95}.Part1|x86.ActiveCfg = Debug 2019|Any CPU
		{50FB92D6-58A0-4D13-B88A-1E0599275F95}.Part1|x86.Build.0 = Debug 2019|Any CPU
		{50FB92D6-58A0-4D13-B88A-1E0599275F95}.Release|Any CPU.ActiveCfg = Release|Any CPU
		{50FB92D6-58A0-4D13-B88A-1E0599275F95}.Release|Any CPU.Build.0 = Release|Any CPU
		{50FB92D6-58A0-4D13-B88A-1E0599275F95}.Release|Mixed Platforms.ActiveCfg = Release|Any CPU
		{50FB92D6-58A0-4D13-B88A-1E0599275F95}.Release|Mixed Platforms.Build.0 = Release|Any CPU
		{50FB92D6-58A0-4D13-B88A-1E0599275F95}.Release|x86.ActiveCfg = Release|Any CPU
		{50FB92D6-58A0-4D13-B88A-1E0599275F95}.Release|x86.Build.0 = Release|Any CPU
		{9E9120D6-59CC-419D-9087-CC6E1982B068}.Debug|Any CPU.ActiveCfg = Debug|Any CPU
		{9E9120D6-59CC-419D-9087-CC6E1982B068}.Debug|Any CPU.Build.0 = Debug|Any CPU
		{9E9120D6-59CC-419D-9087-CC6E1982B068}.Debug|Mixed Platforms.ActiveCfg = Debug|Any CPU
		{9E9120D6-59CC-419D-9087-CC6E1982B068}.Debug|Mixed Platforms.Build.0 = Debug|Any CPU
		{9E9120D6-59CC-419D-9087-CC6E1982B068}.Debug|x86.ActiveCfg = Debug|Any CPU
		{9E9120D6-59CC-419D-9087-CC6E1982B068}.Debug|x86.Build.0 = Debug|Any CPU
		{9E9120D6-59CC-419D-9087-CC6E1982B068}.Debug2019|Any CPU.ActiveCfg = Debug|Any CPU
		{9E9120D6-59CC-419D-9087-CC6E1982B068}.Debug2019|Any CPU.Build.0 = Debug|Any CPU
		{9E9120D6-59CC-419D-9087-CC6E1982B068}.Debug2019|Mixed Platforms.ActiveCfg = Debug|Any CPU
		{9E9120D6-59CC-419D-9087-CC6E1982B068}.Debug2019|Mixed Platforms.Build.0 = Debug|Any CPU
		{9E9120D6-59CC-419D-9087-CC6E1982B068}.Debug2019|x86.ActiveCfg = Debug|Any CPU
		{9E9120D6-59CC-419D-9087-CC6E1982B068}.Debug2019|x86.Build.0 = Debug|Any CPU
		{9E9120D6-59CC-419D-9087-CC6E1982B068}.Debug2020|Any CPU.ActiveCfg = Debug 2020|Any CPU
		{9E9120D6-59CC-419D-9087-CC6E1982B068}.Debug2020|Any CPU.Build.0 = Debug 2020|Any CPU
		{9E9120D6-59CC-419D-9087-CC6E1982B068}.Debug2020|Mixed Platforms.ActiveCfg = Debug 2020|Any CPU
		{9E9120D6-59CC-419D-9087-CC6E1982B068}.Debug2020|Mixed Platforms.Build.0 = Debug 2020|Any CPU
		{9E9120D6-59CC-419D-9087-CC6E1982B068}.Debug2020|x86.ActiveCfg = Debug 2020|Any CPU
		{9E9120D6-59CC-419D-9087-CC6E1982B068}.Debug2020|x86.Build.0 = Debug 2020|Any CPU
		{9E9120D6-59CC-419D-9087-CC6E1982B068}.Part1|Any CPU.ActiveCfg = Release|Any CPU
		{9E9120D6-59CC-419D-9087-CC6E1982B068}.Part1|Any CPU.Build.0 = Release|Any CPU
		{9E9120D6-59CC-419D-9087-CC6E1982B068}.Part1|Mixed Platforms.ActiveCfg = Release|Any CPU
		{9E9120D6-59CC-419D-9087-CC6E1982B068}.Part1|Mixed Platforms.Build.0 = Release|Any CPU
		{9E9120D6-59CC-419D-9087-CC6E1982B068}.Part1|x86.ActiveCfg = Release|Any CPU
		{9E9120D6-59CC-419D-9087-CC6E1982B068}.Part1|x86.Build.0 = Release|Any CPU
		{9E9120D6-59CC-419D-9087-CC6E1982B068}.Release|Any CPU.ActiveCfg = Release|Any CPU
		{9E9120D6-59CC-419D-9087-CC6E1982B068}.Release|Any CPU.Build.0 = Release|Any CPU
		{9E9120D6-59CC-419D-9087-CC6E1982B068}.Release|Mixed Platforms.ActiveCfg = Release|Any CPU
		{9E9120D6-59CC-419D-9087-CC6E1982B068}.Release|Mixed Platforms.Build.0 = Release|Any CPU
		{9E9120D6-59CC-419D-9087-CC6E1982B068}.Release|x86.ActiveCfg = Release|Any CPU
		{9E9120D6-59CC-419D-9087-CC6E1982B068}.Release|x86.Build.0 = Release|Any CPU
		{86D405E4-E81A-4A7E-91B9-9D171509FBEA}.Debug|Any CPU.ActiveCfg = Debug|x86
		{86D405E4-E81A-4A7E-91B9-9D171509FBEA}.Debug|Mixed Platforms.ActiveCfg = Debug|x86
		{86D405E4-E81A-4A7E-91B9-9D171509FBEA}.Debug|Mixed Platforms.Build.0 = Debug|x86
		{86D405E4-E81A-4A7E-91B9-9D171509FBEA}.Debug|x86.ActiveCfg = Debug|x86
		{86D405E4-E81A-4A7E-91B9-9D171509FBEA}.Debug|x86.Build.0 = Debug|x86
		{86D405E4-E81A-4A7E-91B9-9D171509FBEA}.Debug2019|Any CPU.ActiveCfg = Release|x86
		{86D405E4-E81A-4A7E-91B9-9D171509FBEA}.Debug2019|Any CPU.Build.0 = Release|x86
		{86D405E4-E81A-4A7E-91B9-9D171509FBEA}.Debug2019|Mixed Platforms.ActiveCfg = Debug|x86
		{86D405E4-E81A-4A7E-91B9-9D171509FBEA}.Debug2019|Mixed Platforms.Build.0 = Debug|x86
		{86D405E4-E81A-4A7E-91B9-9D171509FBEA}.Debug2019|x86.ActiveCfg = Debug|x86
		{86D405E4-E81A-4A7E-91B9-9D171509FBEA}.Debug2019|x86.Build.0 = Debug|x86
		{86D405E4-E81A-4A7E-91B9-9D171509FBEA}.Debug2020|Any CPU.ActiveCfg = Debug 2020|x86
		{86D405E4-E81A-4A7E-91B9-9D171509FBEA}.Debug2020|Mixed Platforms.ActiveCfg = Debug 2020|x86
		{86D405E4-E81A-4A7E-91B9-9D171509FBEA}.Debug2020|Mixed Platforms.Build.0 = Debug 2020|x86
		{86D405E4-E81A-4A7E-91B9-9D171509FBEA}.Debug2020|x86.ActiveCfg = Debug 2020|x86
		{86D405E4-E81A-4A7E-91B9-9D171509FBEA}.Debug2020|x86.Build.0 = Debug 2020|x86
		{86D405E4-E81A-4A7E-91B9-9D171509FBEA}.Part1|Any CPU.ActiveCfg = Release|x86
		{86D405E4-E81A-4A7E-91B9-9D171509FBEA}.Part1|Any CPU.Build.0 = Release|x86
		{86D405E4-E81A-4A7E-91B9-9D171509FBEA}.Part1|Mixed Platforms.ActiveCfg = Release|x86
		{86D405E4-E81A-4A7E-91B9-9D171509FBEA}.Part1|Mixed Platforms.Build.0 = Release|x86
		{86D405E4-E81A-4A7E-91B9-9D171509FBEA}.Part1|x86.ActiveCfg = Release|x86
		{86D405E4-E81A-4A7E-91B9-9D171509FBEA}.Part1|x86.Build.0 = Release|x86
		{86D405E4-E81A-4A7E-91B9-9D171509FBEA}.Release|Any CPU.ActiveCfg = Release|x86
		{86D405E4-E81A-4A7E-91B9-9D171509FBEA}.Release|Mixed Platforms.ActiveCfg = Release|x86
		{86D405E4-E81A-4A7E-91B9-9D171509FBEA}.Release|Mixed Platforms.Build.0 = Release|x86
		{86D405E4-E81A-4A7E-91B9-9D171509FBEA}.Release|x86.ActiveCfg = Release|x86
		{86D405E4-E81A-4A7E-91B9-9D171509FBEA}.Release|x86.Build.0 = Release|x86
		{8BF20E22-1AF9-4052-B7FB-C755A0F88DE0}.Debug|Any CPU.ActiveCfg = Debug|x86
		{8BF20E22-1AF9-4052-B7FB-C755A0F88DE0}.Debug|Mixed Platforms.ActiveCfg = Debug|x86
		{8BF20E22-1AF9-4052-B7FB-C755A0F88DE0}.Debug|Mixed Platforms.Build.0 = Debug|x86
		{8BF20E22-1AF9-4052-B7FB-C755A0F88DE0}.Debug|x86.ActiveCfg = Debug|x86
		{8BF20E22-1AF9-4052-B7FB-C755A0F88DE0}.Debug|x86.Build.0 = Debug|x86
		{8BF20E22-1AF9-4052-B7FB-C755A0F88DE0}.Debug2019|Any CPU.ActiveCfg = Release|x86
		{8BF20E22-1AF9-4052-B7FB-C755A0F88DE0}.Debug2019|Any CPU.Build.0 = Release|x86
		{8BF20E22-1AF9-4052-B7FB-C755A0F88DE0}.Debug2019|Mixed Platforms.ActiveCfg = Debug|x86
		{8BF20E22-1AF9-4052-B7FB-C755A0F88DE0}.Debug2019|Mixed Platforms.Build.0 = Debug|x86
		{8BF20E22-1AF9-4052-B7FB-C755A0F88DE0}.Debug2019|x86.ActiveCfg = Debug|x86
		{8BF20E22-1AF9-4052-B7FB-C755A0F88DE0}.Debug2019|x86.Build.0 = Debug|x86
		{8BF20E22-1AF9-4052-B7FB-C755A0F88DE0}.Debug2020|Any CPU.ActiveCfg = Debug|x86
		{8BF20E22-1AF9-4052-B7FB-C755A0F88DE0}.Debug2020|Any CPU.Build.0 = Debug|x86
		{8BF20E22-1AF9-4052-B7FB-C755A0F88DE0}.Debug2020|Mixed Platforms.ActiveCfg = Debug|x86
		{8BF20E22-1AF9-4052-B7FB-C755A0F88DE0}.Debug2020|Mixed Platforms.Build.0 = Debug|x86
		{8BF20E22-1AF9-4052-B7FB-C755A0F88DE0}.Debug2020|x86.ActiveCfg = Debug|x86
		{8BF20E22-1AF9-4052-B7FB-C755A0F88DE0}.Debug2020|x86.Build.0 = Debug|x86
		{8BF20E22-1AF9-4052-B7FB-C755A0F88DE0}.Part1|Any CPU.ActiveCfg = Release|x86
		{8BF20E22-1AF9-4052-B7FB-C755A0F88DE0}.Part1|Any CPU.Build.0 = Release|x86
		{8BF20E22-1AF9-4052-B7FB-C755A0F88DE0}.Part1|Mixed Platforms.ActiveCfg = Release|x86
		{8BF20E22-1AF9-4052-B7FB-C755A0F88DE0}.Part1|Mixed Platforms.Build.0 = Release|x86
		{8BF20E22-1AF9-4052-B7FB-C755A0F88DE0}.Part1|x86.ActiveCfg = Release|x86
		{8BF20E22-1AF9-4052-B7FB-C755A0F88DE0}.Part1|x86.Build.0 = Release|x86
		{8BF20E22-1AF9-4052-B7FB-C755A0F88DE0}.Release|Any CPU.ActiveCfg = Release|x86
		{8BF20E22-1AF9-4052-B7FB-C755A0F88DE0}.Release|Mixed Platforms.ActiveCfg = Release|x86
		{8BF20E22-1AF9-4052-B7FB-C755A0F88DE0}.Release|Mixed Platforms.Build.0 = Release|x86
		{8BF20E22-1AF9-4052-B7FB-C755A0F88DE0}.Release|x86.ActiveCfg = Release|x86
		{8BF20E22-1AF9-4052-B7FB-C755A0F88DE0}.Release|x86.Build.0 = Release|x86
		{780028B3-D459-49F1-A30B-AE204686DE26}.Debug|Any CPU.ActiveCfg = Debug|Any CPU
		{780028B3-D459-49F1-A30B-AE204686DE26}.Debug|Any CPU.Build.0 = Debug|Any CPU
		{780028B3-D459-49F1-A30B-AE204686DE26}.Debug|Mixed Platforms.ActiveCfg = Debug|Any CPU
		{780028B3-D459-49F1-A30B-AE204686DE26}.Debug|Mixed Platforms.Build.0 = Debug|Any CPU
		{780028B3-D459-49F1-A30B-AE204686DE26}.Debug|x86.ActiveCfg = Debug|Any CPU
		{780028B3-D459-49F1-A30B-AE204686DE26}.Debug|x86.Build.0 = Debug|Any CPU
		{780028B3-D459-49F1-A30B-AE204686DE26}.Debug2019|Any CPU.ActiveCfg = Debug|Any CPU
		{780028B3-D459-49F1-A30B-AE204686DE26}.Debug2019|Any CPU.Build.0 = Debug|Any CPU
		{780028B3-D459-49F1-A30B-AE204686DE26}.Debug2019|Mixed Platforms.ActiveCfg = Debug|Any CPU
		{780028B3-D459-49F1-A30B-AE204686DE26}.Debug2019|Mixed Platforms.Build.0 = Debug|Any CPU
		{780028B3-D459-49F1-A30B-AE204686DE26}.Debug2019|x86.ActiveCfg = Debug|Any CPU
		{780028B3-D459-49F1-A30B-AE204686DE26}.Debug2019|x86.Build.0 = Debug|Any CPU
		{780028B3-D459-49F1-A30B-AE204686DE26}.Debug2020|Any CPU.ActiveCfg = Debug 2020|Any CPU
		{780028B3-D459-49F1-A30B-AE204686DE26}.Debug2020|Any CPU.Build.0 = Debug 2020|Any CPU
		{780028B3-D459-49F1-A30B-AE204686DE26}.Debug2020|Mixed Platforms.ActiveCfg = Debug 2020|Any CPU
		{780028B3-D459-49F1-A30B-AE204686DE26}.Debug2020|Mixed Platforms.Build.0 = Debug 2020|Any CPU
		{780028B3-D459-49F1-A30B-AE204686DE26}.Debug2020|x86.ActiveCfg = Debug 2020|Any CPU
		{780028B3-D459-49F1-A30B-AE204686DE26}.Debug2020|x86.Build.0 = Debug 2020|Any CPU
		{780028B3-D459-49F1-A30B-AE204686DE26}.Part1|Any CPU.ActiveCfg = Release|Any CPU
		{780028B3-D459-49F1-A30B-AE204686DE26}.Part1|Any CPU.Build.0 = Release|Any CPU
		{780028B3-D459-49F1-A30B-AE204686DE26}.Part1|Mixed Platforms.ActiveCfg = Release|Any CPU
		{780028B3-D459-49F1-A30B-AE204686DE26}.Part1|Mixed Platforms.Build.0 = Release|Any CPU
		{780028B3-D459-49F1-A30B-AE204686DE26}.Part1|x86.ActiveCfg = Release|Any CPU
		{780028B3-D459-49F1-A30B-AE204686DE26}.Part1|x86.Build.0 = Release|Any CPU
		{780028B3-D459-49F1-A30B-AE204686DE26}.Release|Any CPU.ActiveCfg = Release|Any CPU
		{780028B3-D459-49F1-A30B-AE204686DE26}.Release|Any CPU.Build.0 = Release|Any CPU
		{780028B3-D459-49F1-A30B-AE204686DE26}.Release|Mixed Platforms.ActiveCfg = Release|Any CPU
		{780028B3-D459-49F1-A30B-AE204686DE26}.Release|Mixed Platforms.Build.0 = Release|Any CPU
		{780028B3-D459-49F1-A30B-AE204686DE26}.Release|x86.ActiveCfg = Release|Any CPU
		{780028B3-D459-49F1-A30B-AE204686DE26}.Release|x86.Build.0 = Release|Any CPU
		{B0AB9CC8-4CE6-4F7E-9EEB-6A45A568BE6D}.Debug|Any CPU.ActiveCfg = Debug|Any CPU
		{B0AB9CC8-4CE6-4F7E-9EEB-6A45A568BE6D}.Debug|Any CPU.Build.0 = Debug|Any CPU
		{B0AB9CC8-4CE6-4F7E-9EEB-6A45A568BE6D}.Debug|Mixed Platforms.ActiveCfg = Debug|Any CPU
		{B0AB9CC8-4CE6-4F7E-9EEB-6A45A568BE6D}.Debug|Mixed Platforms.Build.0 = Debug|Any CPU
		{B0AB9CC8-4CE6-4F7E-9EEB-6A45A568BE6D}.Debug|x86.ActiveCfg = Debug|Any CPU
		{B0AB9CC8-4CE6-4F7E-9EEB-6A45A568BE6D}.Debug|x86.Build.0 = Debug|Any CPU
		{B0AB9CC8-4CE6-4F7E-9EEB-6A45A568BE6D}.Debug2019|Any CPU.ActiveCfg = Debug|Any CPU
		{B0AB9CC8-4CE6-4F7E-9EEB-6A45A568BE6D}.Debug2019|Any CPU.Build.0 = Debug|Any CPU
		{B0AB9CC8-4CE6-4F7E-9EEB-6A45A568BE6D}.Debug2019|Mixed Platforms.ActiveCfg = Debug|Any CPU
		{B0AB9CC8-4CE6-4F7E-9EEB-6A45A568BE6D}.Debug2019|Mixed Platforms.Build.0 = Debug|Any CPU
		{B0AB9CC8-4CE6-4F7E-9EEB-6A45A568BE6D}.Debug2019|x86.ActiveCfg = Debug|Any CPU
		{B0AB9CC8-4CE6-4F7E-9EEB-6A45A568BE6D}.Debug2019|x86.Build.0 = Debug|Any CPU
		{B0AB9CC8-4CE6-4F7E-9EEB-6A45A568BE6D}.Debug2020|Any CPU.ActiveCfg = Debug 2020|Any CPU
		{B0AB9CC8-4CE6-4F7E-9EEB-6A45A568BE6D}.Debug2020|Any CPU.Build.0 = Debug 2020|Any CPU
		{B0AB9CC8-4CE6-4F7E-9EEB-6A45A568BE6D}.Debug2020|Mixed Platforms.ActiveCfg = Debug 2020|Any CPU
		{B0AB9CC8-4CE6-4F7E-9EEB-6A45A568BE6D}.Debug2020|Mixed Platforms.Build.0 = Debug 2020|Any CPU
		{B0AB9CC8-4CE6-4F7E-9EEB-6A45A568BE6D}.Debug2020|x86.ActiveCfg = Debug 2020|Any CPU
		{B0AB9CC8-4CE6-4F7E-9EEB-6A45A568BE6D}.Debug2020|x86.Build.0 = Debug 2020|Any CPU
		{B0AB9CC8-4CE6-4F7E-9EEB-6A45A568BE6D}.Part1|Any CPU.ActiveCfg = Release|Any CPU
		{B0AB9CC8-4CE6-4F7E-9EEB-6A45A568BE6D}.Part1|Any CPU.Build.0 = Release|Any CPU
		{B0AB9CC8-4CE6-4F7E-9EEB-6A45A568BE6D}.Part1|Mixed Platforms.ActiveCfg = Release|Any CPU
		{B0AB9CC8-4CE6-4F7E-9EEB-6A45A568BE6D}.Part1|Mixed Platforms.Build.0 = Release|Any CPU
		{B0AB9CC8-4CE6-4F7E-9EEB-6A45A568BE6D}.Part1|x86.ActiveCfg = Release|Any CPU
		{B0AB9CC8-4CE6-4F7E-9EEB-6A45A568BE6D}.Part1|x86.Build.0 = Release|Any CPU
		{B0AB9CC8-4CE6-4F7E-9EEB-6A45A568BE6D}.Release|Any CPU.ActiveCfg = Release|Any CPU
		{B0AB9CC8-4CE6-4F7E-9EEB-6A45A568BE6D}.Release|Any CPU.Build.0 = Release|Any CPU
		{B0AB9CC8-4CE6-4F7E-9EEB-6A45A568BE6D}.Release|Mixed Platforms.ActiveCfg = Release|Any CPU
		{B0AB9CC8-4CE6-4F7E-9EEB-6A45A568BE6D}.Release|Mixed Platforms.Build.0 = Release|Any CPU
		{B0AB9CC8-4CE6-4F7E-9EEB-6A45A568BE6D}.Release|x86.ActiveCfg = Release|Any CPU
		{B0AB9CC8-4CE6-4F7E-9EEB-6A45A568BE6D}.Release|x86.Build.0 = Release|Any CPU
		{797D36CE-FE78-4533-B876-B4715DF82DA0}.Debug|Any CPU.ActiveCfg = Debug|Any CPU
		{797D36CE-FE78-4533-B876-B4715DF82DA0}.Debug|Any CPU.Build.0 = Debug|Any CPU
		{797D36CE-FE78-4533-B876-B4715DF82DA0}.Debug|Mixed Platforms.ActiveCfg = Debug|Any CPU
		{797D36CE-FE78-4533-B876-B4715DF82DA0}.Debug|Mixed Platforms.Build.0 = Debug|Any CPU
		{797D36CE-FE78-4533-B876-B4715DF82DA0}.Debug|x86.ActiveCfg = Debug|Any CPU
		{797D36CE-FE78-4533-B876-B4715DF82DA0}.Debug|x86.Build.0 = Debug|Any CPU
		{797D36CE-FE78-4533-B876-B4715DF82DA0}.Debug2019|Any CPU.ActiveCfg = Debug2019|Any CPU
		{797D36CE-FE78-4533-B876-B4715DF82DA0}.Debug2019|Any CPU.Build.0 = Debug2019|Any CPU
		{797D36CE-FE78-4533-B876-B4715DF82DA0}.Debug2019|Mixed Platforms.ActiveCfg = Debug2019|Any CPU
		{797D36CE-FE78-4533-B876-B4715DF82DA0}.Debug2019|Mixed Platforms.Build.0 = Debug2019|Any CPU
		{797D36CE-FE78-4533-B876-B4715DF82DA0}.Debug2019|x86.ActiveCfg = Debug2019|Any CPU
		{797D36CE-FE78-4533-B876-B4715DF82DA0}.Debug2019|x86.Build.0 = Debug2019|Any CPU
		{797D36CE-FE78-4533-B876-B4715DF82DA0}.Debug2020|Any CPU.ActiveCfg = Debug 2020|Any CPU
		{797D36CE-FE78-4533-B876-B4715DF82DA0}.Debug2020|Any CPU.Build.0 = Debug 2020|Any CPU
		{797D36CE-FE78-4533-B876-B4715DF82DA0}.Debug2020|Mixed Platforms.ActiveCfg = Debug 2020|Any CPU
		{797D36CE-FE78-4533-B876-B4715DF82DA0}.Debug2020|Mixed Platforms.Build.0 = Debug 2020|Any CPU
		{797D36CE-FE78-4533-B876-B4715DF82DA0}.Debug2020|x86.ActiveCfg = Debug 2020|Any CPU
		{797D36CE-FE78-4533-B876-B4715DF82DA0}.Debug2020|x86.Build.0 = Debug 2020|Any CPU
		{797D36CE-FE78-4533-B876-B4715DF82DA0}.Part1|Any CPU.ActiveCfg = Debug 2019|Any CPU
		{797D36CE-FE78-4533-B876-B4715DF82DA0}.Part1|Any CPU.Build.0 = Debug 2019|Any CPU
		{797D36CE-FE78-4533-B876-B4715DF82DA0}.Part1|Mixed Platforms.ActiveCfg = Debug 2019|Any CPU
		{797D36CE-FE78-4533-B876-B4715DF82DA0}.Part1|Mixed Platforms.Build.0 = Debug 2019|Any CPU
		{797D36CE-FE78-4533-B876-B4715DF82DA0}.Part1|x86.ActiveCfg = Debug 2019|Any CPU
		{797D36CE-FE78-4533-B876-B4715DF82DA0}.Part1|x86.Build.0 = Debug 2019|Any CPU
		{797D36CE-FE78-4533-B876-B4715DF82DA0}.Release|Any CPU.ActiveCfg = Release|Any CPU
		{797D36CE-FE78-4533-B876-B4715DF82DA0}.Release|Any CPU.Build.0 = Release|Any CPU
		{797D36CE-FE78-4533-B876-B4715DF82DA0}.Release|Mixed Platforms.ActiveCfg = Release|Any CPU
		{797D36CE-FE78-4533-B876-B4715DF82DA0}.Release|Mixed Platforms.Build.0 = Release|Any CPU
		{797D36CE-FE78-4533-B876-B4715DF82DA0}.Release|x86.ActiveCfg = Release|Any CPU
		{797D36CE-FE78-4533-B876-B4715DF82DA0}.Release|x86.Build.0 = Release|Any CPU
		{F637B272-D9F6-4E52-9F3A-1402861407C6}.Debug|Any CPU.ActiveCfg = Debug|Any CPU
		{F637B272-D9F6-4E52-9F3A-1402861407C6}.Debug|Any CPU.Build.0 = Debug|Any CPU
		{F637B272-D9F6-4E52-9F3A-1402861407C6}.Debug|Mixed Platforms.ActiveCfg = Debug|Any CPU
		{F637B272-D9F6-4E52-9F3A-1402861407C6}.Debug|Mixed Platforms.Build.0 = Debug|Any CPU
		{F637B272-D9F6-4E52-9F3A-1402861407C6}.Debug|x86.ActiveCfg = Debug|Any CPU
		{F637B272-D9F6-4E52-9F3A-1402861407C6}.Debug|x86.Build.0 = Debug|Any CPU
		{F637B272-D9F6-4E52-9F3A-1402861407C6}.Debug2019|Any CPU.ActiveCfg = Debug2019|Any CPU
		{F637B272-D9F6-4E52-9F3A-1402861407C6}.Debug2019|Any CPU.Build.0 = Debug2019|Any CPU
		{F637B272-D9F6-4E52-9F3A-1402861407C6}.Debug2019|Mixed Platforms.ActiveCfg = Debug2019|Any CPU
		{F637B272-D9F6-4E52-9F3A-1402861407C6}.Debug2019|Mixed Platforms.Build.0 = Debug2019|Any CPU
		{F637B272-D9F6-4E52-9F3A-1402861407C6}.Debug2019|x86.ActiveCfg = Debug2019|Any CPU
		{F637B272-D9F6-4E52-9F3A-1402861407C6}.Debug2019|x86.Build.0 = Debug2019|Any CPU
		{F637B272-D9F6-4E52-9F3A-1402861407C6}.Debug2020|Any CPU.ActiveCfg = Debug 2020|Any CPU
		{F637B272-D9F6-4E52-9F3A-1402861407C6}.Debug2020|Any CPU.Build.0 = Debug 2020|Any CPU
		{F637B272-D9F6-4E52-9F3A-1402861407C6}.Debug2020|Mixed Platforms.ActiveCfg = Debug 2020|Any CPU
		{F637B272-D9F6-4E52-9F3A-1402861407C6}.Debug2020|Mixed Platforms.Build.0 = Debug 2020|Any CPU
		{F637B272-D9F6-4E52-9F3A-1402861407C6}.Debug2020|x86.ActiveCfg = Debug 2020|Any CPU
		{F637B272-D9F6-4E52-9F3A-1402861407C6}.Debug2020|x86.Build.0 = Debug 2020|Any CPU
		{F637B272-D9F6-4E52-9F3A-1402861407C6}.Part1|Any CPU.ActiveCfg = Debug 2019|Any CPU
		{F637B272-D9F6-4E52-9F3A-1402861407C6}.Part1|Any CPU.Build.0 = Debug 2019|Any CPU
		{F637B272-D9F6-4E52-9F3A-1402861407C6}.Part1|Mixed Platforms.ActiveCfg = Debug 2019|Any CPU
		{F637B272-D9F6-4E52-9F3A-1402861407C6}.Part1|Mixed Platforms.Build.0 = Debug 2019|Any CPU
		{F637B272-D9F6-4E52-9F3A-1402861407C6}.Part1|x86.ActiveCfg = Debug 2019|Any CPU
		{F637B272-D9F6-4E52-9F3A-1402861407C6}.Part1|x86.Build.0 = Debug 2019|Any CPU
		{F637B272-D9F6-4E52-9F3A-1402861407C6}.Release|Any CPU.ActiveCfg = Release|Any CPU
		{F637B272-D9F6-4E52-9F3A-1402861407C6}.Release|Any CPU.Build.0 = Release|Any CPU
		{F637B272-D9F6-4E52-9F3A-1402861407C6}.Release|Mixed Platforms.ActiveCfg = Release|Any CPU
		{F637B272-D9F6-4E52-9F3A-1402861407C6}.Release|Mixed Platforms.Build.0 = Release|Any CPU
		{F637B272-D9F6-4E52-9F3A-1402861407C6}.Release|x86.ActiveCfg = Release|Any CPU
		{F637B272-D9F6-4E52-9F3A-1402861407C6}.Release|x86.Build.0 = Release|Any CPU
		{12FC2B9B-4BDE-423B-A28D-972783F2D1D2}.Debug|Any CPU.ActiveCfg = Debug|Any CPU
		{12FC2B9B-4BDE-423B-A28D-972783F2D1D2}.Debug|Any CPU.Build.0 = Debug|Any CPU
		{12FC2B9B-4BDE-423B-A28D-972783F2D1D2}.Debug|Mixed Platforms.ActiveCfg = Debug|Any CPU
		{12FC2B9B-4BDE-423B-A28D-972783F2D1D2}.Debug|Mixed Platforms.Build.0 = Debug|Any CPU
		{12FC2B9B-4BDE-423B-A28D-972783F2D1D2}.Debug|x86.ActiveCfg = Debug|Any CPU
		{12FC2B9B-4BDE-423B-A28D-972783F2D1D2}.Debug|x86.Build.0 = Debug|Any CPU
		{12FC2B9B-4BDE-423B-A28D-972783F2D1D2}.Debug2019|Any CPU.ActiveCfg = Debug|Any CPU
		{12FC2B9B-4BDE-423B-A28D-972783F2D1D2}.Debug2019|Any CPU.Build.0 = Debug|Any CPU
		{12FC2B9B-4BDE-423B-A28D-972783F2D1D2}.Debug2019|Mixed Platforms.ActiveCfg = Debug|Any CPU
		{12FC2B9B-4BDE-423B-A28D-972783F2D1D2}.Debug2019|Mixed Platforms.Build.0 = Debug|Any CPU
		{12FC2B9B-4BDE-423B-A28D-972783F2D1D2}.Debug2019|x86.ActiveCfg = Debug|Any CPU
		{12FC2B9B-4BDE-423B-A28D-972783F2D1D2}.Debug2019|x86.Build.0 = Debug|Any CPU
		{12FC2B9B-4BDE-423B-A28D-972783F2D1D2}.Debug2020|Any CPU.ActiveCfg = Debug 2020|Any CPU
		{12FC2B9B-4BDE-423B-A28D-972783F2D1D2}.Debug2020|Any CPU.Build.0 = Debug 2020|Any CPU
		{12FC2B9B-4BDE-423B-A28D-972783F2D1D2}.Debug2020|Mixed Platforms.ActiveCfg = Debug 2020|Any CPU
		{12FC2B9B-4BDE-423B-A28D-972783F2D1D2}.Debug2020|Mixed Platforms.Build.0 = Debug 2020|Any CPU
		{12FC2B9B-4BDE-423B-A28D-972783F2D1D2}.Debug2020|x86.ActiveCfg = Debug 2020|Any CPU
		{12FC2B9B-4BDE-423B-A28D-972783F2D1D2}.Debug2020|x86.Build.0 = Debug 2020|Any CPU
		{12FC2B9B-4BDE-423B-A28D-972783F2D1D2}.Part1|Any CPU.ActiveCfg = Release|Any CPU
		{12FC2B9B-4BDE-423B-A28D-972783F2D1D2}.Part1|Any CPU.Build.0 = Release|Any CPU
		{12FC2B9B-4BDE-423B-A28D-972783F2D1D2}.Part1|Mixed Platforms.ActiveCfg = Release|Any CPU
		{12FC2B9B-4BDE-423B-A28D-972783F2D1D2}.Part1|Mixed Platforms.Build.0 = Release|Any CPU
		{12FC2B9B-4BDE-423B-A28D-972783F2D1D2}.Part1|x86.ActiveCfg = Release|Any CPU
		{12FC2B9B-4BDE-423B-A28D-972783F2D1D2}.Part1|x86.Build.0 = Release|Any CPU
		{12FC2B9B-4BDE-423B-A28D-972783F2D1D2}.Release|Any CPU.ActiveCfg = Release|Any CPU
		{12FC2B9B-4BDE-423B-A28D-972783F2D1D2}.Release|Any CPU.Build.0 = Release|Any CPU
		{12FC2B9B-4BDE-423B-A28D-972783F2D1D2}.Release|Mixed Platforms.ActiveCfg = Release|Any CPU
		{12FC2B9B-4BDE-423B-A28D-972783F2D1D2}.Release|Mixed Platforms.Build.0 = Release|Any CPU
		{12FC2B9B-4BDE-423B-A28D-972783F2D1D2}.Release|x86.ActiveCfg = Release|Any CPU
		{12FC2B9B-4BDE-423B-A28D-972783F2D1D2}.Release|x86.Build.0 = Release|Any CPU
		{56014B5F-F487-404A-B975-653B9425B84E}.Debug|Any CPU.ActiveCfg = Debug|x86
		{56014B5F-F487-404A-B975-653B9425B84E}.Debug|Mixed Platforms.ActiveCfg = Debug|x86
		{56014B5F-F487-404A-B975-653B9425B84E}.Debug|Mixed Platforms.Build.0 = Debug|x86
		{56014B5F-F487-404A-B975-653B9425B84E}.Debug|x86.ActiveCfg = Debug|x86
		{56014B5F-F487-404A-B975-653B9425B84E}.Debug|x86.Build.0 = Debug|x86
		{56014B5F-F487-404A-B975-653B9425B84E}.Debug2019|Any CPU.ActiveCfg = Release|x86
		{56014B5F-F487-404A-B975-653B9425B84E}.Debug2019|Any CPU.Build.0 = Release|x86
		{56014B5F-F487-404A-B975-653B9425B84E}.Debug2019|Mixed Platforms.ActiveCfg = Debug|x86
		{56014B5F-F487-404A-B975-653B9425B84E}.Debug2019|Mixed Platforms.Build.0 = Debug|x86
		{56014B5F-F487-404A-B975-653B9425B84E}.Debug2019|x86.ActiveCfg = Debug|x86
		{56014B5F-F487-404A-B975-653B9425B84E}.Debug2019|x86.Build.0 = Debug|x86
		{56014B5F-F487-404A-B975-653B9425B84E}.Debug2020|Any CPU.ActiveCfg = Debug|x86
		{56014B5F-F487-404A-B975-653B9425B84E}.Debug2020|Any CPU.Build.0 = Debug|x86
		{56014B5F-F487-404A-B975-653B9425B84E}.Debug2020|Mixed Platforms.ActiveCfg = Debug|x86
		{56014B5F-F487-404A-B975-653B9425B84E}.Debug2020|Mixed Platforms.Build.0 = Debug|x86
		{56014B5F-F487-404A-B975-653B9425B84E}.Debug2020|x86.ActiveCfg = Debug|x86
		{56014B5F-F487-404A-B975-653B9425B84E}.Debug2020|x86.Build.0 = Debug|x86
		{56014B5F-F487-404A-B975-653B9425B84E}.Part1|Any CPU.ActiveCfg = Release|x86
		{56014B5F-F487-404A-B975-653B9425B84E}.Part1|Any CPU.Build.0 = Release|x86
		{56014B5F-F487-404A-B975-653B9425B84E}.Part1|Mixed Platforms.ActiveCfg = Release|x86
		{56014B5F-F487-404A-B975-653B9425B84E}.Part1|Mixed Platforms.Build.0 = Release|x86
		{56014B5F-F487-404A-B975-653B9425B84E}.Part1|x86.ActiveCfg = Release|x86
		{56014B5F-F487-404A-B975-653B9425B84E}.Part1|x86.Build.0 = Release|x86
		{56014B5F-F487-404A-B975-653B9425B84E}.Release|Any CPU.ActiveCfg = Release|x86
		{56014B5F-F487-404A-B975-653B9425B84E}.Release|Mixed Platforms.ActiveCfg = Release|x86
		{56014B5F-F487-404A-B975-653B9425B84E}.Release|Mixed Platforms.Build.0 = Release|x86
		{56014B5F-F487-404A-B975-653B9425B84E}.Release|x86.ActiveCfg = Release|x86
		{56014B5F-F487-404A-B975-653B9425B84E}.Release|x86.Build.0 = Release|x86
	EndGlobalSection
	GlobalSection(SolutionProperties) = preSolution
		HideSolutionNode = FALSE
	EndGlobalSection
	GlobalSection(NestedProjects) = preSolution
		{528DB1DB-1A35-45B1-B2F2-4861FCBB6C77} = {37D5461E-D7B3-491C-8B74-5499AC713838}
		{50FB92D6-58A0-4D13-B88A-1E0599275F95} = {C557957A-AC22-4A89-8446-5BBB4853AE35}
		{9E9120D6-59CC-419D-9087-CC6E1982B068} = {C557957A-AC22-4A89-8446-5BBB4853AE35}
		{86D405E4-E81A-4A7E-91B9-9D171509FBEA} = {C557957A-AC22-4A89-8446-5BBB4853AE35}
		{8BF20E22-1AF9-4052-B7FB-C755A0F88DE0} = {C557957A-AC22-4A89-8446-5BBB4853AE35}
		{780028B3-D459-49F1-A30B-AE204686DE26} = {C557957A-AC22-4A89-8446-5BBB4853AE35}
		{B0AB9CC8-4CE6-4F7E-9EEB-6A45A568BE6D} = {C557957A-AC22-4A89-8446-5BBB4853AE35}
		{797D36CE-FE78-4533-B876-B4715DF82DA0} = {9C923A9F-90A9-4556-855F-688CA08D51B4}
		{F637B272-D9F6-4E52-9F3A-1402861407C6} = {37D5461E-D7B3-491C-8B74-5499AC713838}
		{12FC2B9B-4BDE-423B-A28D-972783F2D1D2} = {565C6F54-9C84-4FE7-ABA5-66ABFFDA9257}
		{56014B5F-F487-404A-B975-653B9425B84E} = {565C6F54-9C84-4FE7-ABA5-66ABFFDA9257}
	EndGlobalSection
	GlobalSection(ExtensibilityGlobals) = postSolution
		SolutionGuid = {39996D4F-2B0B-4C76-A64A-2CABCC1055FF}
	EndGlobalSection
EndGlobal
